
Microsoft Visual Studio Solution File, Format Version 12.00
Project("{FAE04EC0-301F-11D3-BF4B-00C04F79EFBC}") = "Tmds.DBus.SourceGenerator", "Tmds.DBus.SourceGenerator\Tmds.DBus.SourceGenerator.csproj", "{8E4BB7B4-94F1-46BF-BA88-898BB9D74B7C}"
EndProject
Global
	GlobalSection(SolutionConfigurationPlatforms) = preSolution
		Debug|Any CPU = Debug|Any CPU
		Release|Any CPU = Release|Any CPU
	EndGlobalSection
	GlobalSection(ProjectConfigurationPlatforms) = postSolution
		{8E4BB7B4-94F1-46BF-BA88-898BB9D74B7C}.Debug|Any CPU.ActiveCfg = Debug|Any CPU
		{8E4BB7B4-94F1-46BF-BA88-898BB9D74B7C}.Debug|Any CPU.Build.0 = Debug|Any CPU
		{8E4BB7B4-94F1-46BF-BA88-898BB9D74B7C}.Release|Any CPU.ActiveCfg = Release|Any CPU
		{8E4BB7B4-94F1-46BF-BA88-898BB9D74B7C}.Release|Any CPU.Build.0 = Release|Any CPU
	EndGlobalSection
EndGlobal
